
Microsoft Visual Studio Solution File, Format Version 12.00
# Visual Studio 14
VisualStudioVersion = 14.0.22310.1
MinimumVisualStudioVersion = 10.0.40219.1
Project("{FAE04EC0-301F-11D3-BF4B-00C04F79EFBC}") = "SignalRBasic", "SignalRBasic\SignalRBasic.csproj", "{BFC7C01F-014F-49C5-B2D5-34D921BD3347}"
EndProject
Project("{2150E333-8FDC-42A3-9474-1A3956D46DE8}") = ".nuget", ".nuget", "{0D4A1CD1-5FD6-489B-9C50-B6E1939F2ACE}"
	ProjectSection(SolutionItems) = preProject
		.nuget\packages.config = .nuget\packages.config
	EndProjectSection
EndProject
Global
	GlobalSection(SolutionConfigurationPlatforms) = preSolution
		Debug|Any CPU = Debug|Any CPU
		Release|Any CPU = Release|Any CPU
	EndGlobalSection
	GlobalSection(ProjectConfigurationPlatforms) = postSolution
		{BFC7C01F-014F-49C5-B2D5-34D921BD3347}.Debug|Any CPU.ActiveCfg = Debug|Any CPU
		{BFC7C01F-014F-49C5-B2D5-34D921BD3347}.Debug|Any CPU.Build.0 = Debug|Any CPU
		{BFC7C01F-014F-49C5-B2D5-34D921BD3347}.Release|Any CPU.ActiveCfg = Release|Any CPU
		{BFC7C01F-014F-49C5-B2D5-34D921BD3347}.Release|Any CPU.Build.0 = Release|Any CPU
	EndGlobalSection
	GlobalSection(SolutionProperties) = preSolution
		HideSolutionNode = FALSE
	EndGlobalSection
EndGlobal
